
Microsoft Visual Studio Solution File, Format Version 12.00
# Visual Studio Version 16
VisualStudioVersion = 16.0.31624.102
MinimumVisualStudioVersion = 10.0.40219.1
Project("{FAE04EC0-301F-11D3-BF4B-00C04F79EFBC}") = "PrintJobService", "PrintJobService\PrintJobService.csproj", "{7163834B-7317-4210-8CFE-DA61E6F71C3B}"
EndProject
Global
	GlobalSection(SolutionConfigurationPlatforms) = preSolution
		Debug|Any CPU = Debug|Any CPU
		Release|Any CPU = Release|Any CPU
	EndGlobalSection
	GlobalSection(ProjectConfigurationPlatforms) = postSolution
		{7163834B-7317-4210-8CFE-DA61E6F71C3B}.Debug|Any CPU.ActiveCfg = Debug|Any CPU
		{7163834B-7317-4210-8CFE-DA61E6F71C3B}.Debug|Any CPU.Build.0 = Debug|Any CPU
		{7163834B-7317-4210-8CFE-DA61E6F71C3B}.Release|Any CPU.ActiveCfg = Release|Any CPU
		{7163834B-7317-4210-8CFE-DA61E6F71C3B}.Release|Any CPU.Build.0 = Release|Any CPU
	EndGlobalSection
	GlobalSection(SolutionProperties) = preSolution
		HideSolutionNode = FALSE
	EndGlobalSection
	GlobalSection(ExtensibilityGlobals) = postSolution
		SolutionGuid = {66C91F08-3ED7-42C9-B5EC-CA28DA32B442}
	EndGlobalSection
EndGlobal
